version: 6
environments:
  default:
    channels:
    - url: https://conda.anaconda.org/conda-forge/
    options:
      pypi-prerelease-mode: if-necessary-or-explicit
    packages:
      linux-64:
      - conda: https://conda.anaconda.org/conda-forge/linux-64/_libgcc_mutex-0.1-conda_forge.tar.bz2
      - conda: https://conda.anaconda.org/conda-forge/linux-64/_openmp_mutex-4.5-2_gnu.tar.bz2
      - conda: https://conda.anaconda.org/conda-forge/noarch/ca-certificates-2025.11.12-hbd8a1cb_0.conda
      - conda: https://conda.anaconda.org/conda-forge/linux-64/libgcc-15.2.0-he0feb66_16.conda
      - conda: https://conda.anaconda.org/conda-forge/linux-64/libgcc-ng-15.2.0-h69a702a_16.conda
      - conda: https://conda.anaconda.org/conda-forge/linux-64/libgomp-15.2.0-he0feb66_16.conda
      - conda: https://conda.anaconda.org/conda-forge/linux-64/libstdcxx-15.2.0-h934c35e_16.conda
      - conda: https://conda.anaconda.org/conda-forge/linux-64/libstdcxx-ng-15.2.0-hdf11a46_16.conda
      - conda: https://conda.anaconda.org/conda-forge/linux-64/openssl-3.6.0-h26f9b46_0.conda
      - conda: https://conda.anaconda.org/conda-forge/linux-64/patchelf-0.17.2-h58526e2_0.conda
      - conda: https://conda.anaconda.org/conda-forge/linux-64/rattler-build-0.55.1-he64ecbb_0.conda
      - conda: https://conda.anaconda.org/conda-forge/linux-64/taplo-0.10.0-h2d22210_1.conda
      - conda: https://conda.anaconda.org/conda-forge/linux-64/yamlfmt-0.21.0-hfc2019e_0.conda
      osx-64:
      - conda: https://conda.anaconda.org/conda-forge/noarch/ca-certificates-2025.11.12-hbd8a1cb_0.conda
      - conda: https://conda.anaconda.org/conda-forge/osx-64/openssl-3.6.0-h230baf5_0.conda
      - conda: https://conda.anaconda.org/conda-forge/osx-64/rattler-build-0.55.1-h4728fb8_0.conda
      - conda: https://conda.anaconda.org/conda-forge/osx-64/taplo-0.10.0-hffa81eb_1.conda
      - conda: https://conda.anaconda.org/conda-forge/osx-64/yamlfmt-0.21.0-hccc6df8_0.conda
      osx-arm64:
      - conda: https://conda.anaconda.org/conda-forge/noarch/ca-certificates-2025.11.12-hbd8a1cb_0.conda
      - conda: https://conda.anaconda.org/conda-forge/osx-arm64/openssl-3.6.0-h5503f6c_0.conda
      - conda: https://conda.anaconda.org/conda-forge/osx-arm64/rattler-build-0.55.1-h6fdd925_0.conda
      - conda: https://conda.anaconda.org/conda-forge/osx-arm64/taplo-0.10.0-h2b2570c_1.conda
      - conda: https://conda.anaconda.org/conda-forge/osx-arm64/yamlfmt-0.21.0-h820172f_0.conda
packages:
- conda: https://conda.anaconda.org/conda-forge/linux-64/_libgcc_mutex-0.1-conda_forge.tar.bz2
  sha256: fe51de6107f9edc7aa4f786a70f4a883943bc9d39b3bb7307c04c41410990726
  md5: d7c89558ba9fa0495403155b64376d81
  license: None
  size: 2562
  timestamp: 1578324546067
- conda: https://conda.anaconda.org/conda-forge/linux-64/_openmp_mutex-4.5-2_gnu.tar.bz2
  build_number: 16
  sha256: fbe2c5e56a653bebb982eda4876a9178aedfc2b545f25d0ce9c4c0b508253d22
  md5: 73aaf86a425cc6e73fcf236a5a46396d
  depends:
  - _libgcc_mutex 0.1 conda_forge
  - libgomp >=7.5.0
  constrains:
  - openmp_impl 9999
  license: BSD-3-Clause
  license_family: BSD
  size: 23621
  timestamp: 1650670423406
- conda: https://conda.anaconda.org/conda-forge/noarch/ca-certificates-2025.11.12-hbd8a1cb_0.conda
  sha256: b986ba796d42c9d3265602bc038f6f5264095702dd546c14bc684e60c385e773
  md5: f0991f0f84902f6b6009b4d2350a83aa
  depends:
  - __unix
  license: ISC
  size: 152432
  timestamp: 1762967197890
- conda: https://conda.anaconda.org/conda-forge/linux-64/libgcc-15.2.0-he0feb66_16.conda
  sha256: 6eed58051c2e12b804d53ceff5994a350c61baf117ec83f5f10c953a3f311451
  md5: 6d0363467e6ed84f11435eb309f2ff06
  depends:
  - __glibc >=2.17,<3.0.a0
  - _openmp_mutex >=4.5
  constrains:
  - libgcc-ng ==15.2.0=*_16
  - libgomp 15.2.0 he0feb66_16
  license: GPL-3.0-only WITH GCC-exception-3.1
  license_family: GPL
  size: 1042798
  timestamp: 1765256792743
- conda: https://conda.anaconda.org/conda-forge/linux-64/libgcc-ng-15.2.0-h69a702a_16.conda
  sha256: 5f07f9317f596a201cc6e095e5fc92621afca64829785e483738d935f8cab361
  md5: 5a68259fac2da8f2ee6f7bfe49c9eb8b
  depends:
  - libgcc 15.2.0 he0feb66_16
  license: GPL-3.0-only WITH GCC-exception-3.1
  license_family: GPL
  size: 27256
  timestamp: 1765256804124
- conda: https://conda.anaconda.org/conda-forge/linux-64/libgomp-15.2.0-he0feb66_16.conda
  sha256: 5b3e5e4e9270ecfcd48f47e3a68f037f5ab0f529ccb223e8e5d5ac75a58fc687
  md5: 26c46f90d0e727e95c6c9498a33a09f3
  depends:
  - __glibc >=2.17,<3.0.a0
  license: GPL-3.0-only WITH GCC-exception-3.1
  license_family: GPL
  size: 603284
  timestamp: 1765256703881
- conda: https://conda.anaconda.org/conda-forge/linux-64/libstdcxx-15.2.0-h934c35e_16.conda
  sha256: 813427918316a00c904723f1dfc3da1bbc1974c5cfe1ed1e704c6f4e0798cbc6
  md5: 68f68355000ec3f1d6f26ea13e8f525f
  depends:
  - __glibc >=2.17,<3.0.a0
  - libgcc 15.2.0 he0feb66_16
  constrains:
  - libstdcxx-ng ==15.2.0=*_16
  license: GPL-3.0-only WITH GCC-exception-3.1
  license_family: GPL
  size: 5856456
  timestamp: 1765256838573
- conda: https://conda.anaconda.org/conda-forge/linux-64/libstdcxx-ng-15.2.0-hdf11a46_16.conda
  sha256: 81f2f246c7533b41c5e0c274172d607829019621c4a0823b5c0b4a8c7028ee84
  md5: 1b3152694d236cf233b76b8c56bf0eae
  depends:
  - libstdcxx 15.2.0 h934c35e_16
  license: GPL-3.0-only WITH GCC-exception-3.1
  license_family: GPL
  size: 27300
  timestamp: 1765256885128
- conda: https://conda.anaconda.org/conda-forge/linux-64/openssl-3.6.0-h26f9b46_0.conda
  sha256: a47271202f4518a484956968335b2521409c8173e123ab381e775c358c67fe6d
  md5: 9ee58d5c534af06558933af3c845a780
  depends:
  - __glibc >=2.17,<3.0.a0
  - ca-certificates
  - libgcc >=14
  license: Apache-2.0
  license_family: Apache
  size: 3165399
  timestamp: 1762839186699
- conda: https://conda.anaconda.org/conda-forge/osx-64/openssl-3.6.0-h230baf5_0.conda
  sha256: 36fe9fb316be22fcfb46d5fa3e2e85eec5ef84f908b7745f68f768917235b2d5
  md5: 3f50cdf9a97d0280655758b735781096
  depends:
  - __osx >=10.13
  - ca-certificates
  license: Apache-2.0
  license_family: Apache
  size: 2778996
  timestamp: 1762840724922
- conda: https://conda.anaconda.org/conda-forge/osx-arm64/openssl-3.6.0-h5503f6c_0.conda
  sha256: ebe93dafcc09e099782fe3907485d4e1671296bc14f8c383cb6f3dfebb773988
  md5: b34dc4172653c13dcf453862f251af2b
  depends:
  - __osx >=11.0
  - ca-certificates
  license: Apache-2.0
  license_family: Apache
  size: 3108371
  timestamp: 1762839712322
- conda: https://conda.anaconda.org/conda-forge/linux-64/patchelf-0.17.2-h58526e2_0.conda
  sha256: eb355ac225be2f698e19dba4dcab7cb0748225677a9799e9cc8e4cadc3cb738f
  md5: ba76a6a448819560b5f8b08a9c74f415
  depends:
  - libgcc-ng >=7.5.0
  - libstdcxx-ng >=7.5.0
  license: GPL-3.0-or-later
  license_family: GPL
  size: 94048
  timestamp: 1673473024463
- conda: https://conda.anaconda.org/conda-forge/linux-64/rattler-build-0.55.1-he64ecbb_0.conda
  sha256: d4115e45191c507e70c15d4fc0cf4bd283c64214c05f0ee6e35811b2d76a2348
  md5: b6a10478e09eedf17c5a9f2a1e334c00
  depends:
  - patchelf
  - __glibc >=2.17,<3.0.a0
  - libgcc >=14
  - openssl >=3.5.4,<4.0a0
  constrains:
  - __glibc >=2.17
  license: BSD-3-Clause
  license_family: BSD
  size: 17663929
  timestamp: 1767788793229
- conda: https://conda.anaconda.org/conda-forge/osx-64/rattler-build-0.55.1-h4728fb8_0.conda
  sha256: 3dbef844ccb2fb28fe6c2b5e315155274e1aac5afff2a368452f4dd365442c2c
  md5: 1ca76f21400eff10be29693ec70e2e23
  depends:
  - __osx >=10.13
  constrains:
  - __osx >=10.13
  license: BSD-3-Clause
  license_family: BSD
  size: 16062039
  timestamp: 1767788815088
- conda: https://conda.anaconda.org/conda-forge/osx-arm64/rattler-build-0.55.1-h6fdd925_0.conda
  sha256: 7d31a25e45823fc4fda6281b019c7875d2626ea8b1522cd58c56c6035b92e5c5
  md5: 6b38c4d55fbdf0f06d3c08674d2a9379
  depends:
  - __osx >=11.0
  constrains:
  - __osx >=11.0
  license: BSD-3-Clause
  license_family: BSD
  size: 15105783
  timestamp: 1767788828061
- conda: https://conda.anaconda.org/conda-forge/linux-64/taplo-0.10.0-h2d22210_1.conda
  sha256: 7d313578d79ece2b328084d906958888b5a474326a24833317d95a71e264b219
  md5: a4935b2eea119342f6a9d666e821984d
  depends:
  - __glibc >=2.17,<3.0.a0
  - libgcc >=13
  - openssl >=3.5.0,<4.0a0
  constrains:
  - __glibc >=2.17
  license: MIT
  license_family: MIT
  size: 4319647
  timestamp: 1748302828104
- conda: https://conda.anaconda.org/conda-forge/osx-64/taplo-0.10.0-hffa81eb_1.conda
  sha256: 47b343fd4779605c431f10e1bfe07e84df63884d4e081aafca027262b317bb7a
  md5: c8ed0c445e126bc7519c32509b67fa2a
  depends:
  - __osx >=10.13
  - openssl >=3.5.0,<4.0a0
  constrains:
  - __osx >=10.13
  license: MIT
  license_family: MIT
  size: 4286090
  timestamp: 1748302835791
- conda: https://conda.anaconda.org/conda-forge/osx-arm64/taplo-0.10.0-h2b2570c_1.conda
  sha256: c05b9d0bb740f48671d643d0e258639a3e727785b1eb62582385943ddabc5b6b
  md5: 7b818d29210b93c231bc5bb0cd133d3b
  depends:
  - __osx >=11.0
  - openssl >=3.5.0,<4.0a0
  constrains:
  - __osx >=11.0
  license: MIT
  license_family: MIT
  size: 4005794
  timestamp: 1748302845549
- conda: https://conda.anaconda.org/conda-forge/linux-64/yamlfmt-0.21.0-hfc2019e_0.conda
  sha256: a0e0b81569d3886f551645c090f54adbf9f72c4f66d68aa4b02da8a2bcd1c304
  md5: 71076b731b8ec6483181df878f382576
  license: Apache-2.0
  license_family: APACHE
  size: 1839020
  timestamp: 1767643136135
- conda: https://conda.anaconda.org/conda-forge/osx-64/yamlfmt-0.21.0-hccc6df8_0.conda
  sha256: 8416d4106be78a8c526d1ed173e9d13bfb22a6d2c5c46a986a5ef0882da68f37
  md5: 6a78a218ffa6e7cff0b0f6747b57a8e2
  constrains:
  - __osx >=10.12
  license: Apache-2.0
  license_family: APACHE
  size: 1857511
  timestamp: 1767643180159
- conda: https://conda.anaconda.org/conda-forge/osx-arm64/yamlfmt-0.21.0-h820172f_0.conda
  sha256: bd8ff3903547223d48eb96e9d3acefe1d58fc40d3bcf50f88c75e6fe92789918
  md5: 8cc545aacae2779dc887e9cd187d65ca
  license: Apache-2.0
  license_family: APACHE
  size: 1679631
  timestamp: 1767643185192
