version: 6
environments:
  default:
    channels:
    - url: https://conda.anaconda.org/conda-forge/
    options:
      pypi-prerelease-mode: if-necessary-or-explicit
    packages:
      linux-64:
      - conda: https://conda.anaconda.org/conda-forge/linux-64/_libgcc_mutex-0.1-conda_forge.tar.bz2
      - conda: https://conda.anaconda.org/conda-forge/linux-64/_openmp_mutex-4.5-2_gnu.tar.bz2
      - conda: https://conda.anaconda.org/conda-forge/noarch/ca-certificates-2025.11.12-hbd8a1cb_0.conda
      - conda: https://conda.anaconda.org/conda-forge/linux-64/libgcc-15.2.0-he0feb66_16.conda
      - conda: https://conda.anaconda.org/conda-forge/linux-64/libgcc-ng-15.2.0-h69a702a_16.conda
      - conda: https://conda.anaconda.org/conda-forge/linux-64/libgomp-15.2.0-he0feb66_16.conda
      - conda: https://conda.anaconda.org/conda-forge/linux-64/libstdcxx-15.2.0-h934c35e_16.conda
      - conda: https://conda.anaconda.org/conda-forge/linux-64/libstdcxx-ng-15.2.0-hdf11a46_16.conda
      - conda: https://conda.anaconda.org/conda-forge/linux-64/openssl-3.6.0-h26f9b46_0.conda
      - conda: https://conda.anaconda.org/conda-forge/linux-64/patchelf-0.17.2-h58526e2_0.conda
      - conda: https://conda.anaconda.org/conda-forge/linux-64/rattler-build-0.55.1-he64ecbb_0.conda
      - conda: https://conda.anaconda.org/conda-forge/linux-64/taplo-0.10.0-h2d22210_1.conda
      - conda: https://conda.anaconda.org/conda-forge/linux-64/yamlfmt-0.21.0-hfc2019e_0.conda
      linux-aarch64:
      - conda: https://conda.anaconda.org/conda-forge/linux-aarch64/_openmp_mutex-4.5-2_gnu.tar.bz2
      - conda: https://conda.anaconda.org/conda-forge/noarch/ca-certificates-2026.1.4-hbd8a1cb_0.conda
      - conda: https://conda.anaconda.org/conda-forge/linux-aarch64/libgcc-15.2.0-h8acb6b2_16.conda
      - conda: https://conda.anaconda.org/conda-forge/linux-aarch64/libgcc-ng-15.2.0-he9431aa_16.conda
      - conda: https://conda.anaconda.org/conda-forge/linux-aarch64/libgomp-15.2.0-h8acb6b2_16.conda
      - conda: https://conda.anaconda.org/conda-forge/linux-aarch64/libstdcxx-15.2.0-hef695bb_16.conda
      - conda: https://conda.anaconda.org/conda-forge/linux-aarch64/libstdcxx-ng-15.2.0-hdbbeba8_16.conda
      - conda: https://conda.anaconda.org/conda-forge/linux-aarch64/openssl-3.6.0-h8e36d6e_0.conda
      - conda: https://conda.anaconda.org/conda-forge/linux-aarch64/patchelf-0.17.2-h884eca8_0.conda
      - conda: https://conda.anaconda.org/conda-forge/linux-aarch64/rattler-build-0.55.1-hb434046_0.conda
      - conda: https://conda.anaconda.org/conda-forge/linux-aarch64/taplo-0.10.0-h3618846_1.conda
      - conda: https://conda.anaconda.org/conda-forge/linux-aarch64/yamlfmt-0.21.0-h22914b5_0.conda
      osx-64:
      - conda: https://conda.anaconda.org/conda-forge/noarch/ca-certificates-2025.11.12-hbd8a1cb_0.conda
      - conda: https://conda.anaconda.org/conda-forge/osx-64/openssl-3.6.0-h230baf5_0.conda
      - conda: https://conda.anaconda.org/conda-forge/osx-64/rattler-build-0.55.1-h4728fb8_0.conda
      - conda: https://conda.anaconda.org/conda-forge/osx-64/taplo-0.10.0-hffa81eb_1.conda
      - conda: https://conda.anaconda.org/conda-forge/osx-64/yamlfmt-0.21.0-hccc6df8_0.conda
      osx-arm64:
      - conda: https://conda.anaconda.org/conda-forge/noarch/ca-certificates-2025.11.12-hbd8a1cb_0.conda
      - conda: https://conda.anaconda.org/conda-forge/osx-arm64/openssl-3.6.0-h5503f6c_0.conda
      - conda: https://conda.anaconda.org/conda-forge/osx-arm64/rattler-build-0.55.1-h6fdd925_0.conda
      - conda: https://conda.anaconda.org/conda-forge/osx-arm64/taplo-0.10.0-h2b2570c_1.conda
      - conda: https://conda.anaconda.org/conda-forge/osx-arm64/yamlfmt-0.21.0-h820172f_0.conda
packages:
- conda: https://conda.anaconda.org/conda-forge/linux-64/_libgcc_mutex-0.1-conda_forge.tar.bz2
  sha256: fe51de6107f9edc7aa4f786a70f4a883943bc9d39b3bb7307c04c41410990726
  md5: d7c89558ba9fa0495403155b64376d81
  license: None
  size: 2562
  timestamp: 1578324546067
- conda: https://conda.anaconda.org/conda-forge/linux-64/_openmp_mutex-4.5-2_gnu.tar.bz2
  build_number: 16
  sha256: fbe2c5e56a653bebb982eda4876a9178aedfc2b545f25d0ce9c4c0b508253d22
  md5: 73aaf86a425cc6e73fcf236a5a46396d
  depends:
  - _libgcc_mutex 0.1 conda_forge
  - libgomp >=7.5.0
  constrains:
  - openmp_impl 9999
  license: BSD-3-Clause
  license_family: BSD
  size: 23621
  timestamp: 1650670423406
- conda: https://conda.anaconda.org/conda-forge/linux-aarch64/_openmp_mutex-4.5-2_gnu.tar.bz2
  build_number: 16
  sha256: 3702bef2f0a4d38bd8288bbe54aace623602a1343c2cfbefd3fa188e015bebf0
  md5: 6168d71addc746e8f2b8d57dfd2edcea
  depends:
  - libgomp >=7.5.0
  constrains:
  - openmp_impl 9999
  license: BSD-3-Clause
  license_family: BSD
  size: 23712
  timestamp: 1650670790230
- conda: https://conda.anaconda.org/conda-forge/noarch/ca-certificates-2025.11.12-hbd8a1cb_0.conda
  sha256: b986ba796d42c9d3265602bc038f6f5264095702dd546c14bc684e60c385e773
  md5: f0991f0f84902f6b6009b4d2350a83aa
  depends:
  - __unix
  license: ISC
  size: 152432
  timestamp: 1762967197890
- conda: https://conda.anaconda.org/conda-forge/noarch/ca-certificates-2026.1.4-hbd8a1cb_0.conda
  sha256: b5974ec9b50e3c514a382335efa81ed02b05906849827a34061c496f4defa0b2
  md5: bddacf101bb4dd0e51811cb69c7790e2
  depends:
  - __unix
  license: ISC
  size: 146519
  timestamp: 1767500828366
- conda: https://conda.anaconda.org/conda-forge/linux-64/libgcc-15.2.0-he0feb66_16.conda
  sha256: 6eed58051c2e12b804d53ceff5994a350c61baf117ec83f5f10c953a3f311451
  md5: 6d0363467e6ed84f11435eb309f2ff06
  depends:
  - __glibc >=2.17,<3.0.a0
  - _openmp_mutex >=4.5
  constrains:
  - libgcc-ng ==15.2.0=*_16
  - libgomp 15.2.0 he0feb66_16
  license: GPL-3.0-only WITH GCC-exception-3.1
  license_family: GPL
  size: 1042798
  timestamp: 1765256792743
- conda: https://conda.anaconda.org/conda-forge/linux-aarch64/libgcc-15.2.0-h8acb6b2_16.conda
  sha256: 44bfc6fe16236babb271e0c693fe7fd978f336542e23c9c30e700483796ed30b
  md5: cf9cd6739a3b694dcf551d898e112331
  depends:
  - _openmp_mutex >=4.5
  constrains:
  - libgomp 15.2.0 h8acb6b2_16
  - libgcc-ng ==15.2.0=*_16
  license: GPL-3.0-only WITH GCC-exception-3.1
  license_family: GPL
  size: 620637
  timestamp: 1765256938043
- conda: https://conda.anaconda.org/conda-forge/linux-64/libgcc-ng-15.2.0-h69a702a_16.conda
  sha256: 5f07f9317f596a201cc6e095e5fc92621afca64829785e483738d935f8cab361
  md5: 5a68259fac2da8f2ee6f7bfe49c9eb8b
  depends:
  - libgcc 15.2.0 he0feb66_16
  license: GPL-3.0-only WITH GCC-exception-3.1
  license_family: GPL
  size: 27256
  timestamp: 1765256804124
- conda: https://conda.anaconda.org/conda-forge/linux-aarch64/libgcc-ng-15.2.0-he9431aa_16.conda
  sha256: 22d7e63a00c880bd14fbbc514ec6f553b9325d705f08582e9076c7e73c93a2e1
  md5: 3e54a6d0f2ff0172903c0acfda9efc0e
  depends:
  - libgcc 15.2.0 h8acb6b2_16
  license: GPL-3.0-only WITH GCC-exception-3.1
  license_family: GPL
  size: 27356
  timestamp: 1765256948637
- conda: https://conda.anaconda.org/conda-forge/linux-64/libgomp-15.2.0-he0feb66_16.conda
  sha256: 5b3e5e4e9270ecfcd48f47e3a68f037f5ab0f529ccb223e8e5d5ac75a58fc687
  md5: 26c46f90d0e727e95c6c9498a33a09f3
  depends:
  - __glibc >=2.17,<3.0.a0
  license: GPL-3.0-only WITH GCC-exception-3.1
  license_family: GPL
  size: 603284
  timestamp: 1765256703881
- conda: https://conda.anaconda.org/conda-forge/linux-aarch64/libgomp-15.2.0-h8acb6b2_16.conda
  sha256: 0a9d77c920db691eb42b78c734d70c5a1d00b3110c0867cfff18e9dd69bc3c29
  md5: 4d2f224e8186e7881d53e3aead912f6c
  license: GPL-3.0-only WITH GCC-exception-3.1
  license_family: GPL
  size: 587924
  timestamp: 1765256821307
- conda: https://conda.anaconda.org/conda-forge/linux-64/libstdcxx-15.2.0-h934c35e_16.conda
  sha256: 813427918316a00c904723f1dfc3da1bbc1974c5cfe1ed1e704c6f4e0798cbc6
  md5: 68f68355000ec3f1d6f26ea13e8f525f
  depends:
  - __glibc >=2.17,<3.0.a0
  - libgcc 15.2.0 he0feb66_16
  constrains:
  - libstdcxx-ng ==15.2.0=*_16
  license: GPL-3.0-only WITH GCC-exception-3.1
  license_family: GPL
  size: 5856456
  timestamp: 1765256838573
- conda: https://conda.anaconda.org/conda-forge/linux-aarch64/libstdcxx-15.2.0-hef695bb_16.conda
  sha256: 4db11a903707068ae37aa6909511c68e9af6a2e97890d1b73b0a8d87cb74aba9
  md5: 52d9df8055af3f1665ba471cce77da48
  depends:
  - libgcc 15.2.0 h8acb6b2_16
  constrains:
  - libstdcxx-ng ==15.2.0=*_16
  license: GPL-3.0-only WITH GCC-exception-3.1
  license_family: GPL
  size: 5541149
  timestamp: 1765256980783
- conda: https://conda.anaconda.org/conda-forge/linux-64/libstdcxx-ng-15.2.0-hdf11a46_16.conda
  sha256: 81f2f246c7533b41c5e0c274172d607829019621c4a0823b5c0b4a8c7028ee84
  md5: 1b3152694d236cf233b76b8c56bf0eae
  depends:
  - libstdcxx 15.2.0 h934c35e_16
  license: GPL-3.0-only WITH GCC-exception-3.1
  license_family: GPL
  size: 27300
  timestamp: 1765256885128
- conda: https://conda.anaconda.org/conda-forge/linux-aarch64/libstdcxx-ng-15.2.0-hdbbeba8_16.conda
  sha256: dd5c813ae5a4dac6fa946352674e0c21b1847994a717ef67bd6cc77bc15920be
  md5: 20b7f96f58ccbe8931c3a20778fb3b32
  depends:
  - libstdcxx 15.2.0 hef695bb_16
  license: GPL-3.0-only WITH GCC-exception-3.1
  license_family: GPL
  size: 27376
  timestamp: 1765257033344
- conda: https://conda.anaconda.org/conda-forge/linux-64/openssl-3.6.0-h26f9b46_0.conda
  sha256: a47271202f4518a484956968335b2521409c8173e123ab381e775c358c67fe6d
  md5: 9ee58d5c534af06558933af3c845a780
  depends:
  - __glibc >=2.17,<3.0.a0
  - ca-certificates
  - libgcc >=14
  license: Apache-2.0
  license_family: Apache
  size: 3165399
  timestamp: 1762839186699
- conda: https://conda.anaconda.org/conda-forge/linux-aarch64/openssl-3.6.0-h8e36d6e_0.conda
  sha256: 8dd3b4c31fe176a3e51c5729b2c7f4c836a2ce3bd5c82082dc2a503ba9ee0af3
  md5: 7624c6e01aecba942e9115e0f5a2af9d
  depends:
  - ca-certificates
  - libgcc >=14
  license: Apache-2.0
  license_family: Apache
  size: 3705625
  timestamp: 1762841024958
- conda: https://conda.anaconda.org/conda-forge/osx-64/openssl-3.6.0-h230baf5_0.conda
  sha256: 36fe9fb316be22fcfb46d5fa3e2e85eec5ef84f908b7745f68f768917235b2d5
  md5: 3f50cdf9a97d0280655758b735781096
  depends:
  - __osx >=10.13
  - ca-certificates
  license: Apache-2.0
  license_family: Apache
  size: 2778996
  timestamp: 1762840724922
- conda: https://conda.anaconda.org/conda-forge/osx-arm64/openssl-3.6.0-h5503f6c_0.conda
  sha256: ebe93dafcc09e099782fe3907485d4e1671296bc14f8c383cb6f3dfebb773988
  md5: b34dc4172653c13dcf453862f251af2b
  depends:
  - __osx >=11.0
  - ca-certificates
  license: Apache-2.0
  license_family: Apache
  size: 3108371
  timestamp: 1762839712322
- conda: https://conda.anaconda.org/conda-forge/linux-64/patchelf-0.17.2-h58526e2_0.conda
  sha256: eb355ac225be2f698e19dba4dcab7cb0748225677a9799e9cc8e4cadc3cb738f
  md5: ba76a6a448819560b5f8b08a9c74f415
  depends:
  - libgcc-ng >=7.5.0
  - libstdcxx-ng >=7.5.0
  license: GPL-3.0-or-later
  license_family: GPL
  size: 94048
  timestamp: 1673473024463
- conda: https://conda.anaconda.org/conda-forge/linux-aarch64/patchelf-0.17.2-h884eca8_0.conda
  sha256: 8b98158f36a7a92013a1982ab7a60947151350ac5c513c1d1575825d0fa52518
  md5: bbd8dee69c4ac2e2d07bca100b8fcc31
  depends:
  - libgcc-ng >=7.5.0
  - libstdcxx-ng >=7.5.0
  license: GPL-3.0-or-later
  license_family: GPL
  size: 101306
  timestamp: 1673473812166
- conda: https://conda.anaconda.org/conda-forge/linux-64/rattler-build-0.55.1-he64ecbb_0.conda
  sha256: d4115e45191c507e70c15d4fc0cf4bd283c64214c05f0ee6e35811b2d76a2348
  md5: b6a10478e09eedf17c5a9f2a1e334c00
  depends:
  - patchelf
  - __glibc >=2.17,<3.0.a0
  - libgcc >=14
  - openssl >=3.5.4,<4.0a0
  constrains:
  - __glibc >=2.17
  license: BSD-3-Clause
  license_family: BSD
  size: 17663929
  timestamp: 1767788793229
- conda: https://conda.anaconda.org/conda-forge/linux-aarch64/rattler-build-0.55.1-hb434046_0.conda
  sha256: 7f1948a71643927bca82149a3b23335920d1c76a0fe7094d99eefcdf2504fbcf
  md5: 4868f77a820e8156bc744d8f09649437
  depends:
  - patchelf
  - libgcc >=14
  - openssl >=3.5.4,<4.0a0
  constrains:
  - __glibc >=2.17
  license: BSD-3-Clause
  license_family: BSD
  size: 18377556
  timestamp: 1767788834221
- conda: https://conda.anaconda.org/conda-forge/osx-64/rattler-build-0.55.1-h4728fb8_0.conda
  sha256: 3dbef844ccb2fb28fe6c2b5e315155274e1aac5afff2a368452f4dd365442c2c
  md5: 1ca76f21400eff10be29693ec70e2e23
  depends:
  - __osx >=10.13
  constrains:
  - __osx >=10.13
  license: BSD-3-Clause
  license_family: BSD
  size: 16062039
  timestamp: 1767788815088
- conda: https://conda.anaconda.org/conda-forge/osx-arm64/rattler-build-0.55.1-h6fdd925_0.conda
  sha256: 7d31a25e45823fc4fda6281b019c7875d2626ea8b1522cd58c56c6035b92e5c5
  md5: 6b38c4d55fbdf0f06d3c08674d2a9379
  depends:
  - __osx >=11.0
  constrains:
  - __osx >=11.0
  license: BSD-3-Clause
  license_family: BSD
  size: 15105783
  timestamp: 1767788828061
- conda: https://conda.anaconda.org/conda-forge/linux-64/taplo-0.10.0-h2d22210_1.conda
  sha256: 7d313578d79ece2b328084d906958888b5a474326a24833317d95a71e264b219
  md5: a4935b2eea119342f6a9d666e821984d
  depends:
  - __glibc >=2.17,<3.0.a0
  - libgcc >=13
  - openssl >=3.5.0,<4.0a0
  constrains:
  - __glibc >=2.17
  license: MIT
  license_family: MIT
  size: 4319647
  timestamp: 1748302828104
- conda: https://conda.anaconda.org/conda-forge/linux-aarch64/taplo-0.10.0-h3618846_1.conda
  sha256: 50944952f49509d1125bfafe2a958e55f5dc585dd6f7608c6707dd892e8356a8
  md5: 9bdb00138021e1f22b8d14a2f7fe52dc
  depends:
  - libgcc >=13
  - openssl >=3.5.0,<4.0a0
  constrains:
  - __glibc >=2.17
  license: MIT
  license_family: MIT
  size: 4155701
  timestamp: 1748302870538
- conda: https://conda.anaconda.org/conda-forge/osx-64/taplo-0.10.0-hffa81eb_1.conda
  sha256: 47b343fd4779605c431f10e1bfe07e84df63884d4e081aafca027262b317bb7a
  md5: c8ed0c445e126bc7519c32509b67fa2a
  depends:
  - __osx >=10.13
  - openssl >=3.5.0,<4.0a0
  constrains:
  - __osx >=10.13
  license: MIT
  license_family: MIT
  size: 4286090
  timestamp: 1748302835791
- conda: https://conda.anaconda.org/conda-forge/osx-arm64/taplo-0.10.0-h2b2570c_1.conda
  sha256: c05b9d0bb740f48671d643d0e258639a3e727785b1eb62582385943ddabc5b6b
  md5: 7b818d29210b93c231bc5bb0cd133d3b
  depends:
  - __osx >=11.0
  - openssl >=3.5.0,<4.0a0
  constrains:
  - __osx >=11.0
  license: MIT
  license_family: MIT
  size: 4005794
  timestamp: 1748302845549
- conda: https://conda.anaconda.org/conda-forge/linux-64/yamlfmt-0.21.0-hfc2019e_0.conda
  sha256: a0e0b81569d3886f551645c090f54adbf9f72c4f66d68aa4b02da8a2bcd1c304
  md5: 71076b731b8ec6483181df878f382576
  license: Apache-2.0
  license_family: APACHE
  size: 1839020
  timestamp: 1767643136135
- conda: https://conda.anaconda.org/conda-forge/linux-aarch64/yamlfmt-0.21.0-h22914b5_0.conda
  sha256: 16db21b714ec82e8dee6c8ddb4a6e7d6e6ca7a7f9d513ae380bac1f5d3908692
  md5: 016738939520305987aeb2be3c570881
  license: Apache-2.0
  license_family: APACHE
  size: 1660639
  timestamp: 1767643186492
- conda: https://conda.anaconda.org/conda-forge/osx-64/yamlfmt-0.21.0-hccc6df8_0.conda
  sha256: 8416d4106be78a8c526d1ed173e9d13bfb22a6d2c5c46a986a5ef0882da68f37
  md5: 6a78a218ffa6e7cff0b0f6747b57a8e2
  constrains:
  - __osx >=10.12
  license: Apache-2.0
  license_family: APACHE
  size: 1857511
  timestamp: 1767643180159
- conda: https://conda.anaconda.org/conda-forge/osx-arm64/yamlfmt-0.21.0-h820172f_0.conda
  sha256: bd8ff3903547223d48eb96e9d3acefe1d58fc40d3bcf50f88c75e6fe92789918
  md5: 8cc545aacae2779dc887e9cd187d65ca
  license: Apache-2.0
  license_family: APACHE
  size: 1679631
  timestamp: 1767643185192
